
Microsoft Visual Studio Solution File, Format Version 12.00
# Visual Studio Version 17
VisualStudioVersion = 17.11.35222.181
MinimumVisualStudioVersion = 10.0.40219.1
Project("{2150E333-8FDC-42A3-9474-1A3956D46DE8}") = "ProjectInfo", "ProjectInfo", "{44182807-04A9-4930-950F-60884C64222F}"
EndProject
Project("{9A19103F-16F7-4668-BE54-9A1E7A4F7556}") = "HR-Department.API", "HR-Department.API\HR-Department.API.csproj", "{8742ED25-C4DF-4559-A47A-C4A3762E8F28}"
EndProject
Project("{9A19103F-16F7-4668-BE54-9A1E7A4F7556}") = "HR-Department.UI", "HR-Department.UI\HR-Department.UI.csproj", "{0CFCE6B6-4D51-4CE9-8239-D06660988DC2}"
EndProject
Global
	GlobalSection(SolutionConfigurationPlatforms) = preSolution
		Debug|Any CPU = Debug|Any CPU
		Release|Any CPU = Release|Any CPU
	EndGlobalSection
	GlobalSection(ProjectConfigurationPlatforms) = postSolution
		{8742ED25-C4DF-4559-A47A-C4A3762E8F28}.Debug|Any CPU.ActiveCfg = Debug|Any CPU
		{8742ED25-C4DF-4559-A47A-C4A3762E8F28}.Debug|Any CPU.Build.0 = Debug|Any CPU
		{8742ED25-C4DF-4559-A47A-C4A3762E8F28}.Release|Any CPU.ActiveCfg = Release|Any CPU
		{8742ED25-C4DF-4559-A47A-C4A3762E8F28}.Release|Any CPU.Build.0 = Release|Any CPU
		{0CFCE6B6-4D51-4CE9-8239-D06660988DC2}.Debug|Any CPU.ActiveCfg = Debug|Any CPU
		{0CFCE6B6-4D51-4CE9-8239-D06660988DC2}.Debug|Any CPU.Build.0 = Debug|Any CPU
		{0CFCE6B6-4D51-4CE9-8239-D06660988DC2}.Release|Any CPU.ActiveCfg = Release|Any CPU
		{0CFCE6B6-4D51-4CE9-8239-D06660988DC2}.Release|Any CPU.Build.0 = Release|Any CPU
	EndGlobalSection
	GlobalSection(SolutionProperties) = preSolution
		HideSolutionNode = FALSE
	EndGlobalSection
	GlobalSection(ExtensibilityGlobals) = postSolution
		SolutionGuid = {0C6C7429-4198-47E6-8F2A-7D841B6FE824}
	EndGlobalSection
EndGlobal
